Microsoft Visual Studio Solution File, Format Version 12.00
# Visual Studio 15
VisualStudioVersion = 15.0.26430.14
MinimumVisualStudioVersion = 10.0.40219.1
Project("{FAE04EC0-301F-11D3-BF4B-00C04F79EFBC}") = "APIMATICCalculator.Standard", "APIMATICCalculator.Standard/APIMATICCalculator.Standard.csproj", "{cc839775-7c75-4dec-9816-1ef2931d858a}"
EndProject
Project("{FAE04EC0-301F-11D3-BF4B-00C04F79EFBC}") = "APIMATICCalculator.Tests", "APIMATICCalculator.Tests/APIMATICCalculator.Tests.csproj", "{2390236d-ab0c-4ed8-8c55-6b284131f941}"
EndProject
Global
    GlobalSection(SolutionConfigurationPlatforms) = preSolution
        Debug|Any CPU = Debug|Any CPU
        Release|Any CPU = Release|Any CPU
    EndGlobalSection
    GlobalSection(ProjectConfigurationPlatforms) = postSolution
        {cc839775-7c75-4dec-9816-1ef2931d858a}.Debug|Any CPU.ActiveCfg = Debug|Any CPU
        {cc839775-7c75-4dec-9816-1ef2931d858a}.Debug|Any CPU.Build.0 = Debug|Any CPU
        {cc839775-7c75-4dec-9816-1ef2931d858a}.Release|Any CPU.ActiveCfg = Release|Any CPU
        {cc839775-7c75-4dec-9816-1ef2931d858a}.Release|Any CPU.Build.0 = Release|Any CPU
        {2390236d-ab0c-4ed8-8c55-6b284131f941}.Debug|Any CPU.ActiveCfg = Debug|Any CPU
        {2390236d-ab0c-4ed8-8c55-6b284131f941}.Debug|Any CPU.Build.0 = Debug|Any CPU
        {2390236d-ab0c-4ed8-8c55-6b284131f941}.Release|Any CPU.ActiveCfg = Release|Any CPU
        {2390236d-ab0c-4ed8-8c55-6b284131f941}.Release|Any CPU.Build.0 = Release|Any CPU
    EndGlobalSection
    GlobalSection(SolutionProperties) = preSolution
        HideSolutionNode = FALSE
    EndGlobalSection
EndGlobal
